// !$*UTF8*$!
{
	archiveVersion = 1;
	classes = {
	};
	objectVersion = 50;
	objects = {

/* Begin PBXBuildFile section */
		94C87D7422862086002486FC /* AppDelegate.swift in Sources */ = {isa = PBXBuildFile; fileRef = 94C87D7322862086002486FC /* AppDelegate.swift */; };
		94C87D7622862086002486FC /* WeatherViewController.swift in Sources */ = {isa = PBXBuildFile; fileRef = 94C87D7522862086002486FC /* WeatherViewController.swift */; };
		94C87D7822862086002486FC /* SettingsViewController.swift in Sources */ = {isa = PBXBuildFile; fileRef = 94C87D7722862086002486FC /* SettingsViewController.swift */; };
		94C87D7B22862086002486FC /* Main.storyboard in Resources */ = {isa = PBXBuildFile; fileRef = 94C87D7922862086002486FC /* Main.storyboard */; };
		94C87D7D22862088002486FC /* Assets.xcassets in Resources */ = {isa = PBXBuildFile; fileRef = 94C87D7C22862088002486FC /* Assets.xcassets */; };
		94C87D8022862088002486FC /* LaunchScreen.storyboard in Resources */ = {isa = PBXBuildFile; fileRef = 94C87D7E22862088002486FC /* LaunchScreen.storyboard */; };
		94C87D8B22862088002486FC /* StormbaneTests.swift in Sources */ = {isa = PBXBuildFile; fileRef = 94C87D8A22862088002486FC /* StormbaneTests.swift */; };
		94C87D9622862088002486FC /* StormbaneUITests.swift in Sources */ = {isa = PBXBuildFile; fileRef = 94C87D9522862088002486FC /* StormbaneUITests.swift */; };
		94C87DA4228725F9002486FC /* Settings.swift in Sources */ = {isa = PBXBuildFile; fileRef = 94C87DA3228725F9002486FC /* Settings.swift */; };
		94C87DA622887AE3002486FC /* WeatherForecast.swift in Sources */ = {isa = PBXBuildFile; fileRef = 94C87DA522887AE3002486FC /* WeatherForecast.swift */; };
/* End PBXBuildFile section */

/* Begin PBXContainerItemProxy section */
		94C87D8722862088002486FC /* PBXContainerItemProxy */ = {
			isa = PBXContainerItemProxy;
			containerPortal = 94C87D6822862086002486FC /* Project object */;
			proxyType = 1;
			remoteGlobalIDString = 94C87D6F22862086002486FC;
			remoteInfo = Stormbane;
		};
		94C87D9222862088002486FC /* PBXContainerItemProxy */ = {
			isa = PBXContainerItemProxy;
			containerPortal = 94C87D6822862086002486FC /* Project object */;
			proxyType = 1;
			remoteGlobalIDString = 94C87D6F22862086002486FC;
			remoteInfo = Stormbane;
		};
/* End PBXContainerItemProxy section */

/* Begin PBXFileReference section */
		94C87D7022862086002486FC /* Stormbane.app */ = {isa = PBXFileReference; explicitFileType = wrapper.application; includeInIndex = 0; path = Stormbane.app; sourceTree = BUILT_PRODUCTS_DIR; };
		94C87D7322862086002486FC /* AppDelegate.swift */ = {isa = PBXFileReference; lastKnownFileType = sourcecode.swift; path = AppDelegate.swift; sourceTree = "<group>"; };
		94C87D7522862086002486FC /* WeatherViewController.swift */ = {isa = PBXFileReference; lastKnownFileType = sourcecode.swift; path = WeatherViewController.swift; sourceTree = "<group>"; };
		94C87D7722862086002486FC /* SettingsViewController.swift */ = {isa = PBXFileReference; lastKnownFileType = sourcecode.swift; path = SettingsViewController.swift; sourceTree = "<group>"; };
		94C87D7A22862086002486FC /* Base */ = {isa = PBXFileReference; lastKnownFileType = file.storyboard; name = Base; path = Base.lproj/Main.storyboard; sourceTree = "<group>"; };
		94C87D7C22862088002486FC /* Assets.xcassets */ = {isa = PBXFileReference; lastKnownFileType = folder.assetcatalog; path = Assets.xcassets; sourceTree = "<group>"; };
		94C87D7F22862088002486FC /* Base */ = {isa = PBXFileReference; lastKnownFileType = file.storyboard; name = Base; path = Base.lproj/LaunchScreen.storyboard; sourceTree = "<group>"; };
		94C87D8122862088002486FC /* Info.plist */ = {isa = PBXFileReference; lastKnownFileType = text.plist.xml; path = Info.plist; sourceTree = "<group>"; };
		94C87D8622862088002486FC /* StormbaneTests.xctest */ = {isa = PBXFileReference; explicitFileType = wrapper.cfbundle; includeInIndex = 0; path = StormbaneTests.xctest; sourceTree = BUILT_PRODUCTS_DIR; };
		94C87D8A22862088002486FC /* StormbaneTests.swift */ = {isa = PBXFileReference; lastKnownFileType = sourcecode.swift; path = StormbaneTests.swift; sourceTree = "<group>"; };
		94C87D8C22862088002486FC /* Info.plist */ = {isa = PBXFileReference; lastKnownFileType = text.plist.xml; path = Info.plist; sourceTree = "<group>"; };
		94C87D9122862088002486FC /* StormbaneUITests.xctest */ = {isa = PBXFileReference; explicitFileType = wrapper.cfbundle; includeInIndex = 0; path = StormbaneUITests.xctest; sourceTree = BUILT_PRODUCTS_DIR; };
		94C87D9522862088002486FC /* StormbaneUITests.swift */ = {isa = PBXFileReference; lastKnownFileType = sourcecode.swift; path = StormbaneUITests.swift; sourceTree = "<group>"; };
		94C87D9722862088002486FC /* Info.plist */ = {isa = PBXFileReference; lastKnownFileType = text.plist.xml; path = Info.plist; sourceTree = "<group>"; };
		94C87DA3228725F9002486FC /* Settings.swift */ = {isa = PBXFileReference; lastKnownFileType = sourcecode.swift; path = Settings.swift; sourceTree = "<group>"; };
		94C87DA522887AE3002486FC /* WeatherForecast.swift */ = {isa = PBXFileReference; lastKnownFileType = sourcecode.swift; path = WeatherForecast.swift; sourceTree = "<group>"; };
/* End PBXFileReference section */

/* Begin PBXFrameworksBuildPhase section */
		94C87D6D22862086002486FC /* Frameworks */ = {
			isa = PBXFrameworksBuildPhase;
			buildActionMask = 2147483647;
			files = (
			);
			runOnlyForDeploymentPostprocessing = 0;
		};
		94C87D8322862088002486FC /* Frameworks */ = {
			isa = PBXFrameworksBuildPhase;
			buildActionMask = 2147483647;
			files = (
			);
			runOnlyForDeploymentPostprocessing = 0;
		};
		94C87D8E22862088002486FC /* Frameworks */ = {
			isa = PBXFrameworksBuildPhase;
			buildActionMask = 2147483647;
			files = (
			);
			runOnlyForDeploymentPostprocessing = 0;
		};
/* End PBXFrameworksBuildPhase section */

/* Begin PBXGroup section */
		94C87D6722862086002486FC = {
			isa = PBXGroup;
			children = (
				94C87D7222862086002486FC /* Stormbane */,
				94C87D8922862088002486FC /* StormbaneTests */,
				94C87D9422862088002486FC /* StormbaneUITests */,
				94C87D7122862086002486FC /* Products */,
			);
			sourceTree = "<group>";
		};
		94C87D7122862086002486FC /* Products */ = {
			isa = PBXGroup;
			children = (
				94C87D7022862086002486FC /* Stormbane.app */,
				94C87D8622862088002486FC /* StormbaneTests.xctest */,
				94C87D9122862088002486FC /* StormbaneUITests.xctest */,
			);
			name = Products;
			sourceTree = "<group>";
		};
		94C87D7222862086002486FC /* Stormbane */ = {
			isa = PBXGroup;
			children = (
				94C87D7322862086002486FC /* AppDelegate.swift */,
				94C87D7522862086002486FC /* WeatherViewController.swift */,
				94C87D7722862086002486FC /* SettingsViewController.swift */,
				94C87D7922862086002486FC /* Main.storyboard */,
				94C87D7C22862088002486FC /* Assets.xcassets */,
				94C87D7E22862088002486FC /* LaunchScreen.storyboard */,
				94C87D8122862088002486FC /* Info.plist */,
				94C87DA3228725F9002486FC /* Settings.swift */,
				94C87DA522887AE3002486FC /* WeatherForecast.swift */,
			);
			path = Stormbane;
			sourceTree = "<group>";
		};
		94C87D8922862088002486FC /* StormbaneTests */ = {
			isa = PBXGroup;
			children = (
				94C87D8A22862088002486FC /* StormbaneTests.swift */,
				94C87D8C22862088002486FC /* Info.plist */,
			);
			path = StormbaneTests;
			sourceTree = "<group>";
		};
		94C87D9422862088002486FC /* StormbaneUITests */ = {
			isa = PBXGroup;
			children = (
				94C87D9522862088002486FC /* StormbaneUITests.swift */,
				94C87D9722862088002486FC /* Info.plist */,
			);
			path = StormbaneUITests;
			sourceTree = "<group>";
		};
/* End PBXGroup section */

/* Begin PBXNativeTarget section */
		94C87D6F22862086002486FC /* Stormbane */ = {
			isa = PBXNativeTarget;
			buildConfigurationList = 94C87D9A22862088002486FC /* Build configuration list for PBXNativeTarget "Stormbane" */;
			buildPhases = (
				94C87D6C22862086002486FC /* Sources */,
				94C87D6D22862086002486FC /* Frameworks */,
				94C87D6E22862086002486FC /* Resources */,
			);
			buildRules = (
			);
			dependencies = (
			);
			name = Stormbane;
			productName = Stormbane;
			productReference = 94C87D7022862086002486FC /* Stormbane.app */;
			productType = "com.apple.product-type.application";
		};
		94C87D8522862088002486FC /* StormbaneTests */ = {
			isa = PBXNativeTarget;
			buildConfigurationList = 94C87D9D22862088002486FC /* Build configuration list for PBXNativeTarget "StormbaneTests" */;
			buildPhases = (
				94C87D8222862088002486FC /* Sources */,
				94C87D8322862088002486FC /* Frameworks */,
				94C87D8422862088002486FC /* Resources */,
			);
			buildRules = (
			);
			dependencies = (
				94C87D8822862088002486FC /* PBXTargetDependency */,
			);
			name = StormbaneTests;
			productName = StormbaneTests;
			productReference = 94C87D8622862088002486FC /* StormbaneTests.xctest */;
			productType = "com.apple.product-type.bundle.unit-test";
		};
		94C87D9022862088002486FC /* StormbaneUITests */ = {
			isa = PBXNativeTarget;
			buildConfigurationList = 94C87DA022862088002486FC /* Build configuration list for PBXNativeTarget "StormbaneUITests" */;
			buildPhases = (
				94C87D8D22862088002486FC /* Sources */,
				94C87D8E22862088002486FC /* Frameworks */,
				94C87D8F22862088002486FC /* Resources */,
			);
			buildRules = (
			);
			dependencies = (
				94C87D9322862088002486FC /* PBXTargetDependency */,
			);
			name = StormbaneUITests;
			productName = StormbaneUITests;
			productReference = 94C87D9122862088002486FC /* StormbaneUITests.xctest */;
			productType = "com.apple.product-type.bundle.ui-testing";
		};
/* End PBXNativeTarget section */

/* Begin PBXProject section */
		94C87D6822862086002486FC /* Project object */ = {
			isa = PBXProject;
			attributes = {
				LastSwiftUpdateCheck = 1010;
				LastUpgradeCheck = 1010;
				ORGANIZATIONNAME = "Yavor Dimov";
				TargetAttributes = {
					94C87D6F22862086002486FC = {
						CreatedOnToolsVersion = 10.1;
					};
					94C87D8522862088002486FC = {
						CreatedOnToolsVersion = 10.1;
						TestTargetID = 94C87D6F22862086002486FC;
					};
					94C87D9022862088002486FC = {
						CreatedOnToolsVersion = 10.1;
						TestTargetID = 94C87D6F22862086002486FC;
					};
				};
			};
			buildConfigurationList = 94C87D6B22862086002486FC /* Build configuration list for PBXProject "Stormbane" */;
			compatibilityVersion = "Xcode 9.3";
			developmentRegion = en;
			hasScannedForEncodings = 0;
			knownRegions = (
				en,
				Base,
			);
			mainGroup = 94C87D6722862086002486FC;
			productRefGroup = 94C87D7122862086002486FC /* Products */;
			projectDirPath = "";
			projectRoot = "";
			targets = (
				94C87D6F22862086002486FC /* Stormbane */,
				94C87D8522862088002486FC /* StormbaneTests */,
				94C87D9022862088002486FC /* StormbaneUITests */,
			);
		};
/* End PBXProject section */

/* Begin PBXResourcesBuildPhase section */
		94C87D6E22862086002486FC /* Resources */ = {
			isa = PBXResourcesBuildPhase;
			buildActionMask = 2147483647;
			files = (
				94C87D8022862088002486FC /* LaunchScreen.storyboard in Resources */,
				94C87D7D22862088002486FC /* Assets.xcassets in Resources */,
				94C87D7B22862086002486FC /* Main.storyboard in Resources */,
			);
			runOnlyForDeploymentPostprocessing = 0;
		};
		94C87D8422862088002486FC /* Resources */ = {
			isa = PBXResourcesBuildPhase;
			buildActionMask = 2147483647;
			files = (
			);
			runOnlyForDeploymentPostprocessing = 0;
		};
		94C87D8F22862088002486FC /* Resources */ = {
			isa = PBXResourcesBuildPhase;
			buildActionMask = 2147483647;
			files = (
			);
			runOnlyForDeploymentPostprocessing = 0;
		};
/* End PBXResourcesBuildPhase section */

/* Begin PBXSourcesBuildPhase section */
		94C87D6C22862086002486FC /* Sources */ = {
			isa = PBXSourcesBuildPhase;
			buildActionMask = 2147483647;
			files = (
				94C87D7822862086002486FC /* SettingsViewController.swift in Sources */,
				94C87DA622887AE3002486FC /* WeatherForecast.swift in Sources */,
				94C87D7422862086002486FC /* AppDelegate.swift in Sources */,
				94C87DA4228725F9002486FC /* Settings.swift in Sources */,
				94C87D7622862086002486FC /* WeatherViewController.swift in Sources */,
			);
			runOnlyForDeploymentPostprocessing = 0;
		};
		94C87D8222862088002486FC /* Sources */ = {
			isa = PBXSourcesBuildPhase;
			buildActionMask = 2147483647;
			files = (
				94C87D8B22862088002486FC /* StormbaneTests.swift in Sources */,
			);
			runOnlyForDeploymentPostprocessing = 0;
		};
		94C87D8D22862088002486FC /* Sources */ = {
			isa = PBXSourcesBuildPhase;
			buildActionMask = 2147483647;
			files = (
				94C87D9622862088002486FC /* StormbaneUITests.swift in Sources */,
			);
			runOnlyForDeploymentPostprocessing = 0;
		};
/* End PBXSourcesBuildPhase section */

/* Begin PBXTargetDependency section */
		94C87D8822862088002486FC /* PBXTargetDependency */ = {
			isa = PBXTargetDependency;
			target = 94C87D6F22862086002486FC /* Stormbane */;
			targetProxy = 94C87D8722862088002486FC /* PBXContainerItemProxy */;
		};
		94C87D9322862088002486FC /* PBXTargetDependency */ = {
			isa = PBXTargetDependency;
			target = 94C87D6F22862086002486FC /* Stormbane */;
			targetProxy = 94C87D9222862088002486FC /* PBXContainerItemProxy */;
		};
/* End PBXTargetDependency section */

/* Begin PBXVariantGroup section */
		94C87D7922862086002486FC /* Main.storyboard */ = {
			isa = PBXVariantGroup;
			children = (
				94C87D7A22862086002486FC /* Base */,
			);
			name = Main.storyboard;
			sourceTree = "<group>";
		};
		94C87D7E22862088002486FC /* LaunchScreen.storyboard */ = {
			isa = PBXVariantGroup;
			children = (
				94C87D7F22862088002486FC /* Base */,
			);
			name = LaunchScreen.storyboard;
			sourceTree = "<group>";
		};
/* End PBXVariantGroup section */

/* Begin XCBuildConfiguration section */
		94C87D9822862088002486FC /* Debug */ = {
			isa = XCBuildConfiguration;
			buildSettings = {
				ALWAYS_SEARCH_USER_PATHS = NO;
				CLANG_ANALYZER_NONNULL = YES;
				CLANG_ANALYZER_NUMBER_OBJECT_CONVERSION = YES_AGGRESSIVE;
				CLANG_CXX_LANGUAGE_STANDARD = "gnu++14";
				CLANG_CXX_LIBRARY = "libc++";
				CLANG_ENABLE_MODULES = YES;
				CLANG_ENABLE_OBJC_ARC = YES;
				CLANG_ENABLE_OBJC_WEAK = YES;
				CLANG_WARN_BLOCK_CAPTURE_AUTORELEASING = YES;
				CLANG_WARN_BOOL_CONVERSION = YES;
				CLANG_WARN_COMMA = YES;
				CLANG_WARN_CONSTANT_CONVERSION = YES;
				CLANG_WARN_DEPRECATED_OBJC_IMPLEMENTATIONS = YES;
				CLANG_WARN_DIRECT_OBJC_ISA_USAGE = YES_ERROR;
				CLANG_WARN_DOCUMENTATION_COMMENTS = YES;
				CLANG_WARN_EMPTY_BODY = YES;
				CLANG_WARN_ENUM_CONVERSION = YES;
				CLANG_WARN_INFINITE_RECURSION = YES;
				CLANG_WARN_INT_CONVERSION = YES;
				CLANG_WARN_NON_LITERAL_NULL_CONVERSION = YES;
				CLANG_WARN_OBJC_IMPLICIT_RETAIN_SELF = YES;
				CLANG_WARN_OBJC_LITERAL_CONVERSION = YES;
				CLANG_WARN_OBJC_ROOT_CLASS = YES_ERROR;
				CLANG_WARN_RANGE_LOOP_ANALYSIS = YES;
				CLANG_WARN_STRICT_PROTOTYPES = YES;
				CLANG_WARN_SUSPICIOUS_MOVE = YES;
				CLANG_WARN_UNGUARDED_AVAILABILITY = YES_AGGRESSIVE;
				CLANG_WARN_UNREACHABLE_CODE = YES;
				CLANG_WARN__DUPLICATE_METHOD_MATCH = YES;
				CODE_SIGN_IDENTITY = "iPhone Developer";
				COPY_PHASE_STRIP = NO;
				DEBUG_INFORMATION_FORMAT = dwarf;
				ENABLE_STRICT_OBJC_MSGSEND = YES;
				ENABLE_TESTABILITY = YES;
				GCC_C_LANGUAGE_STANDARD = gnu11;
				GCC_DYNAMIC_NO_PIC = NO;
				GCC_NO_COMMON_BLOCKS = YES;
				GCC_OPTIMIZATION_LEVEL = 0;
				GCC_PREPROCESSOR_DEFINITIONS = (
					"DEBUG=1",
					"$(inherited)",
				);
				GCC_WARN_64_TO_32_BIT_CONVERSION = YES;
				GCC_WARN_ABOUT_RETURN_TYPE = YES_ERROR;
				GCC_WARN_UNDECLARED_SELECTOR = YES;
				GCC_WARN_UNINITIALIZED_AUTOS = YES_AGGRESSIVE;
				GCC_WARN_UNUSED_FUNCTION = YES;
				GCC_WARN_UNUSED_VARIABLE = YES;
				IPHONEOS_DEPLOYMENT_TARGET = 12.1;
				MTL_ENABLE_DEBUG_INFO = INCLUDE_SOURCE;
				MTL_FAST_MATH = YES;
				ONLY_ACTIVE_ARCH = YES;
				SDKROOT = iphoneos;
				SWIFT_ACTIVE_COMPILATION_CONDITIONS = DEBUG;
				SWIFT_OPTIMIZATION_LEVEL = "-Onone";
			};
			name = Debug;
		};
		94C87D9922862088002486FC /* Release */ = {
			isa = XCBuildConfiguration;
			buildSettings = {
				ALWAYS_SEARCH_USER_PATHS = NO;
				CLANG_ANALYZER_NONNULL = YES;
				CLANG_ANALYZER_NUMBER_OBJECT_CONVERSION = YES_AGGRESSIVE;
				CLANG_CXX_LANGUAGE_STANDARD = "gnu++14";
				CLANG_CXX_LIBRARY = "libc++";
				CLANG_ENABLE_MODULES = YES;
				CLANG_ENABLE_OBJC_ARC = YES;
				CLANG_ENABLE_OBJC_WEAK = YES;
				CLANG_WARN_BLOCK_CAPTURE_AUTORELEASING = YES;
				CLANG_WARN_BOOL_CONVERSION = YES;
				CLANG_WARN_COMMA = YES;
				CLANG_WARN_CONSTANT_CONVERSION = YES;
				CLANG_WARN_DEPRECATED_OBJC_IMPLEMENTATIONS = YES;
				CLANG_WARN_DIRECT_OBJC_ISA_USAGE = YES_ERROR;
				CLANG_WARN_DOCUMENTATION_COMMENTS = YES;
				CLANG_WARN_EMPTY_BODY = YES;
				CLANG_WARN_ENUM_CONVERSION = YES;
				CLANG_WARN_INFINITE_RECURSION = YES;
				CLANG_WARN_INT_CONVERSION = YES;
				CLANG_WARN_NON_LITERAL_NULL_CONVERSION = YES;
				CLANG_WARN_OBJC_IMPLICIT_RETAIN_SELF = YES;
				CLANG_WARN_OBJC_LITERAL_CONVERSION = YES;
				CLANG_WARN_OBJC_ROOT_CLASS = YES_ERROR;
				CLANG_WARN_RANGE_LOOP_ANALYSIS = YES;
				CLANG_WARN_STRICT_PROTOTYPES = YES;
				CLANG_WARN_SUSPICIOUS_MOVE = YES;
				CLANG_WARN_UNGUARDED_AVAILABILITY = YES_AGGRESSIVE;
				CLANG_WARN_UNREACHABLE_CODE = YES;
				CLANG_WARN__DUPLICATE_METHOD_MATCH = YES;
				CODE_SIGN_IDENTITY = "iPhone Developer";
				COPY_PHASE_STRIP = NO;
				DEBUG_INFORMATION_FORMAT = "dwarf-with-dsym";
				ENABLE_NS_ASSERTIONS = NO;
				ENABLE_STRICT_OBJC_MSGSEND = YES;
				GCC_C_LANGUAGE_STANDARD = gnu11;
				GCC_NO_COMMON_BLOCKS = YES;
				GCC_WARN_64_TO_32_BIT_CONVERSION = YES;
				GCC_WARN_ABOUT_RETURN_TYPE = YES_ERROR;
				GCC_WARN_UNDECLARED_SELECTOR = YES;
				GCC_WARN_UNINITIALIZED_AUTOS = YES_AGGRESSIVE;
				GCC_WARN_UNUSED_FUNCTION = YES;
				GCC_WARN_UNUSED_VARIABLE = YES;
				IPHONEOS_DEPLOYMENT_TARGET = 12.1;
				MTL_ENABLE_DEBUG_INFO = NO;
				MTL_FAST_MATH = YES;
				SDKROOT = iphoneos;
				SWIFT_COMPILATION_MODE = wholemodule;
				SWIFT_OPTIMIZATION_LEVEL = "-O";
				VALIDATE_PRODUCT = YES;
			};
			name = Release;
		};
		94C87D9B22862088002486FC /* Debug */ = {
			isa = XCBuildConfiguration;
			buildSettings = {
				ASSETCATALOG_COMPILER_APPICON_NAME = AppIcon;
				CODE_SIGN_STYLE = Automatic;
				DEVELOPMENT_TEAM = 2V64A49P2W;
				INFOPLIST_FILE = Stormbane/Info.plist;
				LD_RUNPATH_SEARCH_PATHS = (
					"$(inherited)",
					"@executable_path/Frameworks",
				);
				PRODUCT_BUNDLE_IDENTIFIER = YDCO.Stormbane;
				PRODUCT_NAME = "$(TARGET_NAME)";
				SWIFT_VERSION = 4.2;
				TARGETED_DEVICE_FAMILY = "1,2";
			};
			name = Debug;
		};
		94C87D9C22862088002486FC /* Release */ = {
			isa = XCBuildConfiguration;
			buildSettings = {
				ASSETCATALOG_COMPILER_APPICON_NAME = AppIcon;
				CODE_SIGN_STYLE = Automatic;
				DEVELOPMENT_TEAM = 2V64A49P2W;
				INFOPLIST_FILE = Stormbane/Info.plist;
				LD_RUNPATH_SEARCH_PATHS = (
					"$(inherited)",
					"@executable_path/Frameworks",
				);
				PRODUCT_BUNDLE_IDENTIFIER = YDCO.Stormbane;
				PRODUCT_NAME = "$(TARGET_NAME)";
				SWIFT_VERSION = 4.2;
				TARGETED_DEVICE_FAMILY = "1,2";
			};
			name = Release;
		};
		94C87D9E22862088002486FC /* Debug */ = {
			isa = XCBuildConfiguration;
			buildSettings = {
				ALWAYS_EMBED_SWIFT_STANDARD_LIBRARIES = YES;
				BUNDLE_LOADER = "$(TEST_HOST)";
				CODE_SIGN_STYLE = Automatic;
				DEVELOPMENT_TEAM = 2V64A49P2W;
				INFOPLIST_FILE = StormbaneTests/Info.plist;
				LD_RUNPATH_SEARCH_PATHS = (
					"$(inherited)",
					"@executable_path/Frameworks",
					"@loader_path/Frameworks",
				);
				PRODUCT_BUNDLE_IDENTIFIER = YDCO.StormbaneTests;
				PRODUCT_NAME = "$(TARGET_NAME)";
				SWIFT_VERSION = 4.2;
				TARGETED_DEVICE_FAMILY = "1,2";
				TEST_HOST = "$(BUILT_PRODUCTS_DIR)/Stormbane.app/Stormbane";
			};
			name = Debug;
		};
		94C87D9F22862088002486FC /* Release */ = {
			isa = XCBuildConfiguration;
			buildSettings = {
				ALWAYS_EMBED_SWIFT_STANDARD_LIBRARIES = YES;
				BUNDLE_LOADER = "$(TEST_HOST)";
				CODE_SIGN_STYLE = Automatic;
				DEVELOPMENT_TEAM = 2V64A49P2W;
				INFOPLIST_FILE = StormbaneTests/Info.plist;
				LD_RUNPATH_SEARCH_PATHS = (
					"$(inherited)",
					"@executable_path/Frameworks",
					"@loader_path/Frameworks",
				);
				PRODUCT_BUNDLE_IDENTIFIER = YDCO.StormbaneTests;
				PRODUCT_NAME = "$(TARGET_NAME)";
				SWIFT_VERSION = 4.2;
				TARGETED_DEVICE_FAMILY = "1,2";
				TEST_HOST = "$(BUILT_PRODUCTS_DIR)/Stormbane.app/Stormbane";
			};
			name = Release;
		};
		94C87DA122862088002486FC /* Debug */ = {
			isa = XCBuildConfiguration;
			buildSettings = {
				ALWAYS_EMBED_SWIFT_STANDARD_LIBRARIES = YES;
				CODE_SIGN_STYLE = Automatic;
				DEVELOPMENT_TEAM = 2V64A49P2W;
				INFOPLIST_FILE = StormbaneUITests/Info.plist;
				LD_RUNPATH_SEARCH_PATHS = (
					"$(inherited)",
					"@executable_path/Frameworks",
					"@loader_path/Frameworks",
				);
				PRODUCT_BUNDLE_IDENTIFIER = YDCO.StormbaneUITests;
				PRODUCT_NAME = "$(TARGET_NAME)";
				SWIFT_VERSION = 4.2;
				TARGETED_DEVICE_FAMILY = "1,2";
				TEST_TARGET_NAME = Stormbane;
			};
			name = Debug;
		};
		94C87DA222862088002486FC /* Release */ = {
			isa = XCBuildConfiguration;
			buildSettings = {
				ALWAYS_EMBED_SWIFT_STANDARD_LIBRARIES = YES;
				CODE_SIGN_STYLE = Automatic;
				DEVELOPMENT_TEAM = 2V64A49P2W;
				INFOPLIST_FILE = StormbaneUITests/Info.plist;
				LD_RUNPATH_SEARCH_PATHS = (
					"$(inherited)",
					"@executable_path/Frameworks",
					"@loader_path/Frameworks",
				);
				PRODUCT_BUNDLE_IDENTIFIER = YDCO.StormbaneUITests;
				PRODUCT_NAME = "$(TARGET_NAME)";
				SWIFT_VERSION = 4.2;
				TARGETED_DEVICE_FAMILY = "1,2";
				TEST_TARGET_NAME = Stormbane;
			};
			name = Release;
		};
/* End XCBuildConfiguration section */

/* Begin XCConfigurationList section */
		94C87D6B22862086002486FC /* Build configuration list for PBXProject "Stormbane" */ = {
			isa = XCConfigurationList;
			buildConfigurations = (
				94C87D9822862088002486FC /* Debug */,
				94C87D9922862088002486FC /* Release */,
			);
			defaultConfigurationIsVisible = 0;
			defaultConfigurationName = Release;
		};
		94C87D9A22862088002486FC /* Build configuration list for PBXNativeTarget "Stormbane" */ = {
			isa = XCConfigurationList;
			buildConfigurations = (
				94C87D9B22862088002486FC /* Debug */,
				94C87D9C22862088002486FC /* Release */,
			);
			defaultConfigurationIsVisible = 0;
			defaultConfigurationName = Release;
		};
		94C87D9D22862088002486FC /* Build configuration list for PBXNativeTarget "StormbaneTests" */ = {
			isa = XCConfigurationList;
			buildConfigurations = (
				94C87D9E22862088002486FC /* Debug */,
				94C87D9F22862088002486FC /* Release */,
			);
			defaultConfigurationIsVisible = 0;
			defaultConfigurationName = Release;
		};
		94C87DA022862088002486FC /* Build configuration list for PBXNativeTarget "StormbaneUITests" */ = {
			isa = XCConfigurationList;
			buildConfigurations = (
				94C87DA122862088002486FC /* Debug */,
				94C87DA222862088002486FC /* Release */,
			);
			defaultConfigurationIsVisible = 0;
			defaultConfigurationName = Release;
		};
/* End XCConfigurationList section */
	};
	rootObject = 94C87D6822862086002486FC /* Project object */;
}
